
Microsoft Visual Studio Solution File, Format Version 12.00
# Visual Studio Version 17
VisualStudioVersion = 17.5.33516.290
MinimumVisualStudioVersion = 10.0.40219.1
Project("{9A19103F-16F7-4668-BE54-9A1E7A4F7556}") = "HiPrintTest", "HiPrintTest.csproj", "{B1FECA7D-CC9D-4807-A169-A0A627CD834F}"
EndProject
Global
	GlobalSection(SolutionConfigurationPlatforms) = preSolution
		Debug|Any CPU = Debug|Any CPU
		Release|Any CPU = Release|Any CPU
	EndGlobalSection
	GlobalSection(ProjectConfigurationPlatforms) = postSolution
		{B1FECA7D-CC9D-4807-A169-A0A627CD834F}.Debug|Any CPU.ActiveCfg = Debug|Any CPU
		{B1FECA7D-CC9D-4807-A169-A0A627CD834F}.Debug|Any CPU.Build.0 = Debug|Any CPU
		{B1FECA7D-CC9D-4807-A169-A0A627CD834F}.Release|Any CPU.ActiveCfg = Release|Any CPU
		{B1FECA7D-CC9D-4807-A169-A0A627CD834F}.Release|Any CPU.Build.0 = Release|Any CPU
	EndGlobalSection
	GlobalSection(SolutionProperties) = preSolution
		HideSolutionNode = FALSE
	EndGlobalSection
	GlobalSection(ExtensibilityGlobals) = postSolution
		SolutionGuid = {604E0456-2E85-4AAF-90A8-8AE36ECDB329}
	EndGlobalSection
EndGlobal
